<Solution>
  <Folder Name="/src/">
    <Project Path="src/Application/Application.csproj" />
    <Project Path="src/Core/Core.csproj" />
    <Project Path="src/Infrastructure/Infrastructure.csproj" />
    <Project Path="src/Tests/IntegrationTests/IntegrationTests.csproj" />
  </Folder>
  <Project Path="fintech-dev-lab/fintech-dev-lab.csproj" />
</Solution>
